
Microsoft Visual Studio Solution File, Format Version 12.00
# Visual Studio Version 17
VisualStudioVersion = 17.8.34330.188
MinimumVisualStudioVersion = 10.0.40219.1
Project("{FAE04EC0-301F-11D3-BF4B-00C04F79EFBC}") = "DrawflowBlazor", "DrawflowBlazor\DrawflowBlazor.csproj", "{10C24EEE-581B-4BEC-A037-65BB6C49798E}"
EndProject
Project("{FAE04EC0-301F-11D3-BF4B-00C04F79EFBC}") = "DrawflowPlayground", "DrawflowPlayground\DrawflowPlayground.csproj", "{5C3A3651-3F32-4025-BBFB-4360D15336FF}"
EndProject
Global
	GlobalSection(SolutionConfigurationPlatforms) = preSolution
		Debug|Any CPU = Debug|Any CPU
		Release|Any CPU = Release|Any CPU
	EndGlobalSection
	GlobalSection(ProjectConfigurationPlatforms) = postSolution
		{10C24EEE-581B-4BEC-A037-65BB6C49798E}.Debug|Any CPU.ActiveCfg = Debug|Any CPU
		{10C24EEE-581B-4BEC-A037-65BB6C49798E}.Debug|Any CPU.Build.0 = Debug|Any CPU
		{10C24EEE-581B-4BEC-A037-65BB6C49798E}.Release|Any CPU.ActiveCfg = Release|Any CPU
		{10C24EEE-581B-4BEC-A037-65BB6C49798E}.Release|Any CPU.Build.0 = Release|Any CPU
		{5C3A3651-3F32-4025-BBFB-4360D15336FF}.Debug|Any CPU.ActiveCfg = Debug|Any CPU
		{5C3A3651-3F32-4025-BBFB-4360D15336FF}.Debug|Any CPU.Build.0 = Debug|Any CPU
		{5C3A3651-3F32-4025-BBFB-4360D15336FF}.Release|Any CPU.ActiveCfg = Release|Any CPU
		{5C3A3651-3F32-4025-BBFB-4360D15336FF}.Release|Any CPU.Build.0 = Release|Any CPU
	EndGlobalSection
	GlobalSection(SolutionProperties) = preSolution
		HideSolutionNode = FALSE
	EndGlobalSection
	GlobalSection(ExtensibilityGlobals) = postSolution
		SolutionGuid = {B37E2F83-D7C0-49F7-B43B-39D3051F6526}
	EndGlobalSection
EndGlobal
